{
  "name": "examples",
  "version": "1.0.0",
  "lockfileVersion": 2,
  "requires": true,
  "packages": {
    "": {
      "version": "1.0.0",
      "devDependencies": {
        "file-name": "0.1.0",
        "insert-line": "1.1.0"
      }
    },
    "node_modules/file-name": {
      "version": "0.1.0",
      "resolved": "https://registry.npmjs.org/file-name/-/file-name-0.1.0.tgz",
      "integrity": "sha1-ErEi8SD5w028F2wauBpUis7W3vc=",
      "dev": true,
      "engines": {
        "node": ">=0.10.0"
      }
    },
    "node_modules/insert-line": {
      "version": "1.1.0",
      "resolved": "https://registry.npmjs.org/insert-line/-/insert-line-1.1.0.tgz",
      "integrity": "sha1-bcwAA1BfAJorqOjtak1COGQ5/Q8=",
      "dev": true
    }
  },
  "dependencies": {
    "file-name": {
      "version": "0.1.0",
      "resolved": "https://registry.npmjs.org/file-name/-/file-name-0.1.0.tgz",
      "integrity": "sha1-ErEi8SD5w028F2wauBpUis7W3vc=",
      "dev": true
    },
    "insert-line": {
      "version": "1.1.0",
      "resolved": "https://registry.npmjs.org/insert-line/-/insert-line-1.1.0.tgz",
      "integrity": "sha1-bcwAA1BfAJorqOjtak1COGQ5/Q8=",
      "dev": true
    }
  }
}
