# THIS IS AN AUTOGENERATED FILE. DO NOT EDIT THIS FILE DIRECTLY.
# yarn lockfile v1


"file-name@0.1.0":
  "integrity" "sha1-ErEi8SD5w028F2wauBpUis7W3vc="
  "resolved" "https://registry.npmjs.org/file-name/-/file-name-0.1.0.tgz"
  "version" "0.1.0"

"insert-line@1.1.0":
  "integrity" "sha1-bcwAA1BfAJorqOjtak1COGQ5/Q8="
  "resolved" "https://registry.npmjs.org/insert-line/-/insert-line-1.1.0.tgz"
  "version" "1.1.0"
